
Microsoft Visual Studio Solution File, Format Version 12.00
# Visual Studio Version 17
VisualStudioVersion = 17.0.31903.59
MinimumVisualStudioVersion = 10.0.40219.1
Project("{2150E333-8FDC-42A3-9474-1A3956D46DE8}") = "services", "services", "{5854FF58-B8C5-05C6-5BF2-ACE42193F22B}"
EndProject
Project("{FAE04EC0-301F-11D3-BF4B-00C04F79EFBC}") = "BuildingBlocks", "services\BuildingBlocks\BuildingBlocks.csproj", "{2B732632-893C-4195-A2A4-31BD12947BBE}"
EndProject
Project("{2150E333-8FDC-42A3-9474-1A3956D46DE8}") = "Students", "Students", "{DC5B61F1-EE98-E1D2-C995-95F49A047AAB}"
EndProject
Project("{FAE04EC0-301F-11D3-BF4B-00C04F79EFBC}") = "Students.Domain", "services\Students\Students.Domain\Students.Domain.csproj", "{C4BE5BD9-A3E6-46F4-8EAC-BD704E959111}"
EndProject
Project("{FAE04EC0-301F-11D3-BF4B-00C04F79EFBC}") = "Students.Application", "services\Students\Students.Application\Students.Application.csproj", "{DFC2E694-1F05-4FF8-B8CD-D180D5DDE186}"
EndProject
Project("{FAE04EC0-301F-11D3-BF4B-00C04F79EFBC}") = "Students.Infrastructure", "services\Students\Students.Infrastructure\Students.Infrastructure.csproj", "{F35E0B29-857C-46A1-9C67-C7956569C011}"
EndProject
Project("{FAE04EC0-301F-11D3-BF4B-00C04F79EFBC}") = "Students.Api", "services\Students\Students.Api\Students.Api.csproj", "{953DBF93-B097-499F-9CF0-371A470D806C}"
EndProject
Project("{2150E333-8FDC-42A3-9474-1A3956D46DE8}") = "Courses", "Courses", "{8374F492-29BD-A8E6-0ECE-621396CDAC7F}"
EndProject
Project("{FAE04EC0-301F-11D3-BF4B-00C04F79EFBC}") = "Courses.Domain", "services\Courses\Courses.Domain\Courses.Domain.csproj", "{36AFA6EE-6FCE-4FAE-A4C7-DC55B7CF1EB6}"
EndProject
Project("{FAE04EC0-301F-11D3-BF4B-00C04F79EFBC}") = "Courses.Application", "services\Courses\Courses.Application\Courses.Application.csproj", "{BFE2C2EB-3750-47BF-B6EA-385D9800CF02}"
EndProject
Project("{FAE04EC0-301F-11D3-BF4B-00C04F79EFBC}") = "Courses.Infrastructure", "services\Courses\Courses.Infrastructure\Courses.Infrastructure.csproj", "{051CA0BF-A6C2-4102-8DB8-F62F6BDBDB80}"
EndProject
Project("{FAE04EC0-301F-11D3-BF4B-00C04F79EFBC}") = "Courses.Api", "services\Courses\Courses.Api\Courses.Api.csproj", "{65C173E8-DD00-498B-A73E-F031CA464ECC}"
EndProject
Project("{FAE04EC0-301F-11D3-BF4B-00C04F79EFBC}") = "Enrollment.Domain", "services\Enrollment\Enrollment.Domain\Enrollment.Domain.csproj", "{BEC86DD2-A71D-44F2-B805-70E8413924C4}"
EndProject
Project("{FAE04EC0-301F-11D3-BF4B-00C04F79EFBC}") = "Enrollment.Application", "services\Enrollment\Enrollment.Application\Enrollment.Application.csproj", "{332B6051-412B-4ACB-ADBA-771C24E9522A}"
EndProject
Project("{FAE04EC0-301F-11D3-BF4B-00C04F79EFBC}") = "Enrollment.Infrastructure", "services\Enrollment\Enrollment.Infrastructure\Enrollment.Infrastructure.csproj", "{A4D8ECB1-6392-4F53-959F-7746B588A47E}"
EndProject
Project("{FAE04EC0-301F-11D3-BF4B-00C04F79EFBC}") = "Enrollment.Api", "services\Enrollment\Enrollment.Api\Enrollment.Api.csproj", "{0545324A-E60D-47B2-8B21-85F9E7DA7DB2}"
EndProject
Project("{2150E333-8FDC-42A3-9474-1A3956D46DE8}") = "security", "security", "{4FD5FBA0-2B6D-9AF0-80AB-924D53C1394D}"
EndProject
Project("{FAE04EC0-301F-11D3-BF4B-00C04F79EFBC}") = "Security.Domain", "security\Security.Domain\Security.Domain.csproj", "{DDC3A45B-6593-40E7-ACB6-142FBE84AC45}"
EndProject
Project("{FAE04EC0-301F-11D3-BF4B-00C04F79EFBC}") = "Security.Application", "security\Security.Application\Security.Application.csproj", "{246687EE-9901-497D-92AE-91AB086C9608}"
EndProject
Project("{FAE04EC0-301F-11D3-BF4B-00C04F79EFBC}") = "Security.Infrastructure", "security\Security.Infrastructure\Security.Infrastructure.csproj", "{F919ACEC-2EF4-4CB3-B121-4A48F534C876}"
EndProject
Project("{FAE04EC0-301F-11D3-BF4B-00C04F79EFBC}") = "Security.Api", "security\Security.Api\Security.Api.csproj", "{FA6FEA1F-154E-49D6-90AD-F2272D0EDFE6}"
EndProject
Global
	GlobalSection(SolutionConfigurationPlatforms) = preSolution
		Debug|Any CPU = Debug|Any CPU
		Debug|x64 = Debug|x64
		Debug|x86 = Debug|x86
		Release|Any CPU = Release|Any CPU
		Release|x64 = Release|x64
		Release|x86 = Release|x86
	EndGlobalSection
	GlobalSection(ProjectConfigurationPlatforms) = postSolution
		{2B732632-893C-4195-A2A4-31BD12947BBE}.Debug|Any CPU.ActiveCfg = Debug|Any CPU
		{2B732632-893C-4195-A2A4-31BD12947BBE}.Debug|Any CPU.Build.0 = Debug|Any CPU
		{2B732632-893C-4195-A2A4-31BD12947BBE}.Debug|x64.ActiveCfg = Debug|Any CPU
		{2B732632-893C-4195-A2A4-31BD12947BBE}.Debug|x64.Build.0 = Debug|Any CPU
		{2B732632-893C-4195-A2A4-31BD12947BBE}.Debug|x86.ActiveCfg = Debug|Any CPU
		{2B732632-893C-4195-A2A4-31BD12947BBE}.Debug|x86.Build.0 = Debug|Any CPU
		{2B732632-893C-4195-A2A4-31BD12947BBE}.Release|Any CPU.ActiveCfg = Release|Any CPU
		{2B732632-893C-4195-A2A4-31BD12947BBE}.Release|Any CPU.Build.0 = Release|Any CPU
		{2B732632-893C-4195-A2A4-31BD12947BBE}.Release|x64.ActiveCfg = Release|Any CPU
		{2B732632-893C-4195-A2A4-31BD12947BBE}.Release|x64.Build.0 = Release|Any CPU
		{2B732632-893C-4195-A2A4-31BD12947BBE}.Release|x86.ActiveCfg = Release|Any CPU
		{2B732632-893C-4195-A2A4-31BD12947BBE}.Release|x86.Build.0 = Release|Any CPU
		{C4BE5BD9-A3E6-46F4-8EAC-BD704E959111}.Debug|Any CPU.ActiveCfg = Debug|Any CPU
		{C4BE5BD9-A3E6-46F4-8EAC-BD704E959111}.Debug|Any CPU.Build.0 = Debug|Any CPU
		{C4BE5BD9-A3E6-46F4-8EAC-BD704E959111}.Debug|x64.ActiveCfg = Debug|Any CPU
		{C4BE5BD9-A3E6-46F4-8EAC-BD704E959111}.Debug|x64.Build.0 = Debug|Any CPU
		{C4BE5BD9-A3E6-46F4-8EAC-BD704E959111}.Debug|x86.ActiveCfg = Debug|Any CPU
		{C4BE5BD9-A3E6-46F4-8EAC-BD704E959111}.Debug|x86.Build.0 = Debug|Any CPU
		{C4BE5BD9-A3E6-46F4-8EAC-BD704E959111}.Release|Any CPU.ActiveCfg = Release|Any CPU
		{C4BE5BD9-A3E6-46F4-8EAC-BD704E959111}.Release|Any CPU.Build.0 = Release|Any CPU
		{C4BE5BD9-A3E6-46F4-8EAC-BD704E959111}.Release|x64.ActiveCfg = Release|Any CPU
		{C4BE5BD9-A3E6-46F4-8EAC-BD704E959111}.Release|x64.Build.0 = Release|Any CPU
		{C4BE5BD9-A3E6-46F4-8EAC-BD704E959111}.Release|x86.ActiveCfg = Release|Any CPU
		{C4BE5BD9-A3E6-46F4-8EAC-BD704E959111}.Release|x86.Build.0 = Release|Any CPU
		{DFC2E694-1F05-4FF8-B8CD-D180D5DDE186}.Debug|Any CPU.ActiveCfg = Debug|Any CPU
		{DFC2E694-1F05-4FF8-B8CD-D180D5DDE186}.Debug|Any CPU.Build.0 = Debug|Any CPU
		{DFC2E694-1F05-4FF8-B8CD-D180D5DDE186}.Debug|x64.ActiveCfg = Debug|Any CPU
		{DFC2E694-1F05-4FF8-B8CD-D180D5DDE186}.Debug|x64.Build.0 = Debug|Any CPU
		{DFC2E694-1F05-4FF8-B8CD-D180D5DDE186}.Debug|x86.ActiveCfg = Debug|Any CPU
		{DFC2E694-1F05-4FF8-B8CD-D180D5DDE186}.Debug|x86.Build.0 = Debug|Any CPU
		{DFC2E694-1F05-4FF8-B8CD-D180D5DDE186}.Release|Any CPU.ActiveCfg = Release|Any CPU
		{DFC2E694-1F05-4FF8-B8CD-D180D5DDE186}.Release|Any CPU.Build.0 = Release|Any CPU
		{DFC2E694-1F05-4FF8-B8CD-D180D5DDE186}.Release|x64.ActiveCfg = Release|Any CPU
		{DFC2E694-1F05-4FF8-B8CD-D180D5DDE186}.Release|x64.Build.0 = Release|Any CPU
		{DFC2E694-1F05-4FF8-B8CD-D180D5DDE186}.Release|x86.ActiveCfg = Release|Any CPU
		{DFC2E694-1F05-4FF8-B8CD-D180D5DDE186}.Release|x86.Build.0 = Release|Any CPU
		{F35E0B29-857C-46A1-9C67-C7956569C011}.Debug|Any CPU.ActiveCfg = Debug|Any CPU
		{F35E0B29-857C-46A1-9C67-C7956569C011}.Debug|Any CPU.Build.0 = Debug|Any CPU
		{F35E0B29-857C-46A1-9C67-C7956569C011}.Debug|x64.ActiveCfg = Debug|Any CPU
		{F35E0B29-857C-46A1-9C67-C7956569C011}.Debug|x64.Build.0 = Debug|Any CPU
		{F35E0B29-857C-46A1-9C67-C7956569C011}.Debug|x86.ActiveCfg = Debug|Any CPU
		{F35E0B29-857C-46A1-9C67-C7956569C011}.Debug|x86.Build.0 = Debug|Any CPU
		{F35E0B29-857C-46A1-9C67-C7956569C011}.Release|Any CPU.ActiveCfg = Release|Any CPU
		{F35E0B29-857C-46A1-9C67-C7956569C011}.Release|Any CPU.Build.0 = Release|Any CPU
		{F35E0B29-857C-46A1-9C67-C7956569C011}.Release|x64.ActiveCfg = Release|Any CPU
		{F35E0B29-857C-46A1-9C67-C7956569C011}.Release|x64.Build.0 = Release|Any CPU
		{F35E0B29-857C-46A1-9C67-C7956569C011}.Release|x86.ActiveCfg = Release|Any CPU
		{F35E0B29-857C-46A1-9C67-C7956569C011}.Release|x86.Build.0 = Release|Any CPU
		{953DBF93-B097-499F-9CF0-371A470D806C}.Debug|Any CPU.ActiveCfg = Debug|Any CPU
		{953DBF93-B097-499F-9CF0-371A470D806C}.Debug|Any CPU.Build.0 = Debug|Any CPU
		{953DBF93-B097-499F-9CF0-371A470D806C}.Debug|x64.ActiveCfg = Debug|Any CPU
		{953DBF93-B097-499F-9CF0-371A470D806C}.Debug|x64.Build.0 = Debug|Any CPU
		{953DBF93-B097-499F-9CF0-371A470D806C}.Debug|x86.ActiveCfg = Debug|Any CPU
		{953DBF93-B097-499F-9CF0-371A470D806C}.Debug|x86.Build.0 = Debug|Any CPU
		{953DBF93-B097-499F-9CF0-371A470D806C}.Release|Any CPU.ActiveCfg = Release|Any CPU
		{953DBF93-B097-499F-9CF0-371A470D806C}.Release|Any CPU.Build.0 = Release|Any CPU
		{953DBF93-B097-499F-9CF0-371A470D806C}.Release|x64.ActiveCfg = Release|Any CPU
		{953DBF93-B097-499F-9CF0-371A470D806C}.Release|x64.Build.0 = Release|Any CPU
		{953DBF93-B097-499F-9CF0-371A470D806C}.Release|x86.ActiveCfg = Release|Any CPU
		{953DBF93-B097-499F-9CF0-371A470D806C}.Release|x86.Build.0 = Release|Any CPU
		{36AFA6EE-6FCE-4FAE-A4C7-DC55B7CF1EB6}.Debug|Any CPU.ActiveCfg = Debug|Any CPU
		{36AFA6EE-6FCE-4FAE-A4C7-DC55B7CF1EB6}.Debug|Any CPU.Build.0 = Debug|Any CPU
		{36AFA6EE-6FCE-4FAE-A4C7-DC55B7CF1EB6}.Debug|x64.ActiveCfg = Debug|Any CPU
		{36AFA6EE-6FCE-4FAE-A4C7-DC55B7CF1EB6}.Debug|x64.Build.0 = Debug|Any CPU
		{36AFA6EE-6FCE-4FAE-A4C7-DC55B7CF1EB6}.Debug|x86.ActiveCfg = Debug|Any CPU
		{36AFA6EE-6FCE-4FAE-A4C7-DC55B7CF1EB6}.Debug|x86.Build.0 = Debug|Any CPU
		{36AFA6EE-6FCE-4FAE-A4C7-DC55B7CF1EB6}.Release|Any CPU.ActiveCfg = Release|Any CPU
		{36AFA6EE-6FCE-4FAE-A4C7-DC55B7CF1EB6}.Release|Any CPU.Build.0 = Release|Any CPU
		{36AFA6EE-6FCE-4FAE-A4C7-DC55B7CF1EB6}.Release|x64.ActiveCfg = Release|Any CPU
		{36AFA6EE-6FCE-4FAE-A4C7-DC55B7CF1EB6}.Release|x64.Build.0 = Release|Any CPU
		{36AFA6EE-6FCE-4FAE-A4C7-DC55B7CF1EB6}.Release|x86.ActiveCfg = Release|Any CPU
		{36AFA6EE-6FCE-4FAE-A4C7-DC55B7CF1EB6}.Release|x86.Build.0 = Release|Any CPU
		{BFE2C2EB-3750-47BF-B6EA-385D9800CF02}.Debug|Any CPU.ActiveCfg = Debug|Any CPU
		{BFE2C2EB-3750-47BF-B6EA-385D9800CF02}.Debug|Any CPU.Build.0 = Debug|Any CPU
		{BFE2C2EB-3750-47BF-B6EA-385D9800CF02}.Debug|x64.ActiveCfg = Debug|Any CPU
		{BFE2C2EB-3750-47BF-B6EA-385D9800CF02}.Debug|x64.Build.0 = Debug|Any CPU
		{BFE2C2EB-3750-47BF-B6EA-385D9800CF02}.Debug|x86.ActiveCfg = Debug|Any CPU
		{BFE2C2EB-3750-47BF-B6EA-385D9800CF02}.Debug|x86.Build.0 = Debug|Any CPU
		{BFE2C2EB-3750-47BF-B6EA-385D9800CF02}.Release|Any CPU.ActiveCfg = Release|Any CPU
		{BFE2C2EB-3750-47BF-B6EA-385D9800CF02}.Release|Any CPU.Build.0 = Release|Any CPU
		{BFE2C2EB-3750-47BF-B6EA-385D9800CF02}.Release|x64.ActiveCfg = Release|Any CPU
		{BFE2C2EB-3750-47BF-B6EA-385D9800CF02}.Release|x64.Build.0 = Release|Any CPU
		{BFE2C2EB-3750-47BF-B6EA-385D9800CF02}.Release|x86.ActiveCfg = Release|Any CPU
		{BFE2C2EB-3750-47BF-B6EA-385D9800CF02}.Release|x86.Build.0 = Release|Any CPU
		{051CA0BF-A6C2-4102-8DB8-F62F6BDBDB80}.Debug|Any CPU.ActiveCfg = Debug|Any CPU
		{051CA0BF-A6C2-4102-8DB8-F62F6BDBDB80}.Debug|Any CPU.Build.0 = Debug|Any CPU
		{051CA0BF-A6C2-4102-8DB8-F62F6BDBDB80}.Debug|x64.ActiveCfg = Debug|Any CPU
		{051CA0BF-A6C2-4102-8DB8-F62F6BDBDB80}.Debug|x64.Build.0 = Debug|Any CPU
		{051CA0BF-A6C2-4102-8DB8-F62F6BDBDB80}.Debug|x86.ActiveCfg = Debug|Any CPU
		{051CA0BF-A6C2-4102-8DB8-F62F6BDBDB80}.Debug|x86.Build.0 = Debug|Any CPU
		{051CA0BF-A6C2-4102-8DB8-F62F6BDBDB80}.Release|Any CPU.ActiveCfg = Release|Any CPU
		{051CA0BF-A6C2-4102-8DB8-F62F6BDBDB80}.Release|Any CPU.Build.0 = Release|Any CPU
		{051CA0BF-A6C2-4102-8DB8-F62F6BDBDB80}.Release|x64.ActiveCfg = Release|Any CPU
		{051CA0BF-A6C2-4102-8DB8-F62F6BDBDB80}.Release|x64.Build.0 = Release|Any CPU
		{051CA0BF-A6C2-4102-8DB8-F62F6BDBDB80}.Release|x86.ActiveCfg = Release|Any CPU
		{051CA0BF-A6C2-4102-8DB8-F62F6BDBDB80}.Release|x86.Build.0 = Release|Any CPU
		{65C173E8-DD00-498B-A73E-F031CA464ECC}.Debug|Any CPU.ActiveCfg = Debug|Any CPU
		{65C173E8-DD00-498B-A73E-F031CA464ECC}.Debug|Any CPU.Build.0 = Debug|Any CPU
		{65C173E8-DD00-498B-A73E-F031CA464ECC}.Debug|x64.ActiveCfg = Debug|Any CPU
		{65C173E8-DD00-498B-A73E-F031CA464ECC}.Debug|x64.Build.0 = Debug|Any CPU
		{65C173E8-DD00-498B-A73E-F031CA464ECC}.Debug|x86.ActiveCfg = Debug|Any CPU
		{65C173E8-DD00-498B-A73E-F031CA464ECC}.Debug|x86.Build.0 = Debug|Any CPU
		{65C173E8-DD00-498B-A73E-F031CA464ECC}.Release|Any CPU.ActiveCfg = Release|Any CPU
		{65C173E8-DD00-498B-A73E-F031CA464ECC}.Release|Any CPU.Build.0 = Release|Any CPU
		{65C173E8-DD00-498B-A73E-F031CA464ECC}.Release|x64.ActiveCfg = Release|Any CPU
		{65C173E8-DD00-498B-A73E-F031CA464ECC}.Release|x64.Build.0 = Release|Any CPU
		{65C173E8-DD00-498B-A73E-F031CA464ECC}.Release|x86.ActiveCfg = Release|Any CPU
		{65C173E8-DD00-498B-A73E-F031CA464ECC}.Release|x86.Build.0 = Release|Any CPU
		{BEC86DD2-A71D-44F2-B805-70E8413924C4}.Debug|Any CPU.ActiveCfg = Debug|Any CPU
		{BEC86DD2-A71D-44F2-B805-70E8413924C4}.Debug|Any CPU.Build.0 = Debug|Any CPU
		{BEC86DD2-A71D-44F2-B805-70E8413924C4}.Debug|x64.ActiveCfg = Debug|Any CPU
		{BEC86DD2-A71D-44F2-B805-70E8413924C4}.Debug|x64.Build.0 = Debug|Any CPU
		{BEC86DD2-A71D-44F2-B805-70E8413924C4}.Debug|x86.ActiveCfg = Debug|Any CPU
		{BEC86DD2-A71D-44F2-B805-70E8413924C4}.Debug|x86.Build.0 = Debug|Any CPU
		{BEC86DD2-A71D-44F2-B805-70E8413924C4}.Release|Any CPU.ActiveCfg = Release|Any CPU
		{BEC86DD2-A71D-44F2-B805-70E8413924C4}.Release|Any CPU.Build.0 = Release|Any CPU
		{BEC86DD2-A71D-44F2-B805-70E8413924C4}.Release|x64.ActiveCfg = Release|Any CPU
		{BEC86DD2-A71D-44F2-B805-70E8413924C4}.Release|x64.Build.0 = Release|Any CPU
		{BEC86DD2-A71D-44F2-B805-70E8413924C4}.Release|x86.ActiveCfg = Release|Any CPU
		{BEC86DD2-A71D-44F2-B805-70E8413924C4}.Release|x86.Build.0 = Release|Any CPU
		{332B6051-412B-4ACB-ADBA-771C24E9522A}.Debug|Any CPU.ActiveCfg = Debug|Any CPU
		{332B6051-412B-4ACB-ADBA-771C24E9522A}.Debug|Any CPU.Build.0 = Debug|Any CPU
		{332B6051-412B-4ACB-ADBA-771C24E9522A}.Debug|x64.ActiveCfg = Debug|Any CPU
		{332B6051-412B-4ACB-ADBA-771C24E9522A}.Debug|x64.Build.0 = Debug|Any CPU
		{332B6051-412B-4ACB-ADBA-771C24E9522A}.Debug|x86.ActiveCfg = Debug|Any CPU
		{332B6051-412B-4ACB-ADBA-771C24E9522A}.Debug|x86.Build.0 = Debug|Any CPU
		{332B6051-412B-4ACB-ADBA-771C24E9522A}.Release|Any CPU.ActiveCfg = Release|Any CPU
		{332B6051-412B-4ACB-ADBA-771C24E9522A}.Release|Any CPU.Build.0 = Release|Any CPU
		{332B6051-412B-4ACB-ADBA-771C24E9522A}.Release|x64.ActiveCfg = Release|Any CPU
		{332B6051-412B-4ACB-ADBA-771C24E9522A}.Release|x64.Build.0 = Release|Any CPU
		{332B6051-412B-4ACB-ADBA-771C24E9522A}.Release|x86.ActiveCfg = Release|Any CPU
		{332B6051-412B-4ACB-ADBA-771C24E9522A}.Release|x86.Build.0 = Release|Any CPU
		{A4D8ECB1-6392-4F53-959F-7746B588A47E}.Debug|Any CPU.ActiveCfg = Debug|Any CPU
		{A4D8ECB1-6392-4F53-959F-7746B588A47E}.Debug|Any CPU.Build.0 = Debug|Any CPU
		{A4D8ECB1-6392-4F53-959F-7746B588A47E}.Debug|x64.ActiveCfg = Debug|Any CPU
		{A4D8ECB1-6392-4F53-959F-7746B588A47E}.Debug|x64.Build.0 = Debug|Any CPU
		{A4D8ECB1-6392-4F53-959F-7746B588A47E}.Debug|x86.ActiveCfg = Debug|Any CPU
		{A4D8ECB1-6392-4F53-959F-7746B588A47E}.Debug|x86.Build.0 = Debug|Any CPU
		{A4D8ECB1-6392-4F53-959F-7746B588A47E}.Release|Any CPU.ActiveCfg = Release|Any CPU
		{A4D8ECB1-6392-4F53-959F-7746B588A47E}.Release|Any CPU.Build.0 = Release|Any CPU
		{A4D8ECB1-6392-4F53-959F-7746B588A47E}.Release|x64.ActiveCfg = Release|Any CPU
		{A4D8ECB1-6392-4F53-959F-7746B588A47E}.Release|x64.Build.0 = Release|Any CPU
		{A4D8ECB1-6392-4F53-959F-7746B588A47E}.Release|x86.ActiveCfg = Release|Any CPU
		{A4D8ECB1-6392-4F53-959F-7746B588A47E}.Release|x86.Build.0 = Release|Any CPU
		{0545324A-E60D-47B2-8B21-85F9E7DA7DB2}.Debug|Any CPU.ActiveCfg = Debug|Any CPU
		{0545324A-E60D-47B2-8B21-85F9E7DA7DB2}.Debug|Any CPU.Build.0 = Debug|Any CPU
		{0545324A-E60D-47B2-8B21-85F9E7DA7DB2}.Debug|x64.ActiveCfg = Debug|Any CPU
		{0545324A-E60D-47B2-8B21-85F9E7DA7DB2}.Debug|x64.Build.0 = Debug|Any CPU
		{0545324A-E60D-47B2-8B21-85F9E7DA7DB2}.Debug|x86.ActiveCfg = Debug|Any CPU
		{0545324A-E60D-47B2-8B21-85F9E7DA7DB2}.Debug|x86.Build.0 = Debug|Any CPU
		{0545324A-E60D-47B2-8B21-85F9E7DA7DB2}.Release|Any CPU.ActiveCfg = Release|Any CPU
		{0545324A-E60D-47B2-8B21-85F9E7DA7DB2}.Release|Any CPU.Build.0 = Release|Any CPU
		{0545324A-E60D-47B2-8B21-85F9E7DA7DB2}.Release|x64.ActiveCfg = Release|Any CPU
		{0545324A-E60D-47B2-8B21-85F9E7DA7DB2}.Release|x64.Build.0 = Release|Any CPU
		{0545324A-E60D-47B2-8B21-85F9E7DA7DB2}.Release|x86.ActiveCfg = Release|Any CPU
		{0545324A-E60D-47B2-8B21-85F9E7DA7DB2}.Release|x86.Build.0 = Release|Any CPU
		{DDC3A45B-6593-40E7-ACB6-142FBE84AC45}.Debug|Any CPU.ActiveCfg = Debug|Any CPU
		{DDC3A45B-6593-40E7-ACB6-142FBE84AC45}.Debug|Any CPU.Build.0 = Debug|Any CPU
		{DDC3A45B-6593-40E7-ACB6-142FBE84AC45}.Debug|x64.ActiveCfg = Debug|Any CPU
		{DDC3A45B-6593-40E7-ACB6-142FBE84AC45}.Debug|x64.Build.0 = Debug|Any CPU
		{DDC3A45B-6593-40E7-ACB6-142FBE84AC45}.Debug|x86.ActiveCfg = Debug|Any CPU
		{DDC3A45B-6593-40E7-ACB6-142FBE84AC45}.Debug|x86.Build.0 = Debug|Any CPU
		{DDC3A45B-6593-40E7-ACB6-142FBE84AC45}.Release|Any CPU.ActiveCfg = Release|Any CPU
		{DDC3A45B-6593-40E7-ACB6-142FBE84AC45}.Release|Any CPU.Build.0 = Release|Any CPU
		{DDC3A45B-6593-40E7-ACB6-142FBE84AC45}.Release|x64.ActiveCfg = Release|Any CPU
		{DDC3A45B-6593-40E7-ACB6-142FBE84AC45}.Release|x64.Build.0 = Release|Any CPU
		{DDC3A45B-6593-40E7-ACB6-142FBE84AC45}.Release|x86.ActiveCfg = Release|Any CPU
		{DDC3A45B-6593-40E7-ACB6-142FBE84AC45}.Release|x86.Build.0 = Release|Any CPU
		{246687EE-9901-497D-92AE-91AB086C9608}.Debug|Any CPU.ActiveCfg = Debug|Any CPU
		{246687EE-9901-497D-92AE-91AB086C9608}.Debug|Any CPU.Build.0 = Debug|Any CPU
		{246687EE-9901-497D-92AE-91AB086C9608}.Debug|x64.ActiveCfg = Debug|Any CPU
		{246687EE-9901-497D-92AE-91AB086C9608}.Debug|x64.Build.0 = Debug|Any CPU
		{246687EE-9901-497D-92AE-91AB086C9608}.Debug|x86.ActiveCfg = Debug|Any CPU
		{246687EE-9901-497D-92AE-91AB086C9608}.Debug|x86.Build.0 = Debug|Any CPU
		{246687EE-9901-497D-92AE-91AB086C9608}.Release|Any CPU.ActiveCfg = Release|Any CPU
		{246687EE-9901-497D-92AE-91AB086C9608}.Release|Any CPU.Build.0 = Release|Any CPU
		{246687EE-9901-497D-92AE-91AB086C9608}.Release|x64.ActiveCfg = Release|Any CPU
		{246687EE-9901-497D-92AE-91AB086C9608}.Release|x64.Build.0 = Release|Any CPU
		{246687EE-9901-497D-92AE-91AB086C9608}.Release|x86.ActiveCfg = Release|Any CPU
		{246687EE-9901-497D-92AE-91AB086C9608}.Release|x86.Build.0 = Release|Any CPU
		{F919ACEC-2EF4-4CB3-B121-4A48F534C876}.Debug|Any CPU.ActiveCfg = Debug|Any CPU
		{F919ACEC-2EF4-4CB3-B121-4A48F534C876}.Debug|Any CPU.Build.0 = Debug|Any CPU
		{F919ACEC-2EF4-4CB3-B121-4A48F534C876}.Debug|x64.ActiveCfg = Debug|Any CPU
		{F919ACEC-2EF4-4CB3-B121-4A48F534C876}.Debug|x64.Build.0 = Debug|Any CPU
		{F919ACEC-2EF4-4CB3-B121-4A48F534C876}.Debug|x86.ActiveCfg = Debug|Any CPU
		{F919ACEC-2EF4-4CB3-B121-4A48F534C876}.Debug|x86.Build.0 = Debug|Any CPU
		{F919ACEC-2EF4-4CB3-B121-4A48F534C876}.Release|Any CPU.ActiveCfg = Release|Any CPU
		{F919ACEC-2EF4-4CB3-B121-4A48F534C876}.Release|Any CPU.Build.0 = Release|Any CPU
		{F919ACEC-2EF4-4CB3-B121-4A48F534C876}.Release|x64.ActiveCfg = Release|Any CPU
		{F919ACEC-2EF4-4CB3-B121-4A48F534C876}.Release|x64.Build.0 = Release|Any CPU
		{F919ACEC-2EF4-4CB3-B121-4A48F534C876}.Release|x86.ActiveCfg = Release|Any CPU
		{F919ACEC-2EF4-4CB3-B121-4A48F534C876}.Release|x86.Build.0 = Release|Any CPU
		{FA6FEA1F-154E-49D6-90AD-F2272D0EDFE6}.Debug|Any CPU.ActiveCfg = Debug|Any CPU
		{FA6FEA1F-154E-49D6-90AD-F2272D0EDFE6}.Debug|Any CPU.Build.0 = Debug|Any CPU
		{FA6FEA1F-154E-49D6-90AD-F2272D0EDFE6}.Debug|x64.ActiveCfg = Debug|Any CPU
		{FA6FEA1F-154E-49D6-90AD-F2272D0EDFE6}.Debug|x64.Build.0 = Debug|Any CPU
		{FA6FEA1F-154E-49D6-90AD-F2272D0EDFE6}.Debug|x86.ActiveCfg = Debug|Any CPU
		{FA6FEA1F-154E-49D6-90AD-F2272D0EDFE6}.Debug|x86.Build.0 = Debug|Any CPU
		{FA6FEA1F-154E-49D6-90AD-F2272D0EDFE6}.Release|Any CPU.ActiveCfg = Release|Any CPU
		{FA6FEA1F-154E-49D6-90AD-F2272D0EDFE6}.Release|Any CPU.Build.0 = Release|Any CPU
		{FA6FEA1F-154E-49D6-90AD-F2272D0EDFE6}.Release|x64.ActiveCfg = Release|Any CPU
		{FA6FEA1F-154E-49D6-90AD-F2272D0EDFE6}.Release|x64.Build.0 = Release|Any CPU
		{FA6FEA1F-154E-49D6-90AD-F2272D0EDFE6}.Release|x86.ActiveCfg = Release|Any CPU
		{FA6FEA1F-154E-49D6-90AD-F2272D0EDFE6}.Release|x86.Build.0 = Release|Any CPU
	EndGlobalSection
	GlobalSection(SolutionProperties) = preSolution
		HideSolutionNode = FALSE
	EndGlobalSection
	GlobalSection(NestedProjects) = preSolution
		{2B732632-893C-4195-A2A4-31BD12947BBE} = {5854FF58-B8C5-05C6-5BF2-ACE42193F22B}
		{DC5B61F1-EE98-E1D2-C995-95F49A047AAB} = {5854FF58-B8C5-05C6-5BF2-ACE42193F22B}
		{C4BE5BD9-A3E6-46F4-8EAC-BD704E959111} = {DC5B61F1-EE98-E1D2-C995-95F49A047AAB}
		{DFC2E694-1F05-4FF8-B8CD-D180D5DDE186} = {DC5B61F1-EE98-E1D2-C995-95F49A047AAB}
		{F35E0B29-857C-46A1-9C67-C7956569C011} = {DC5B61F1-EE98-E1D2-C995-95F49A047AAB}
		{953DBF93-B097-499F-9CF0-371A470D806C} = {DC5B61F1-EE98-E1D2-C995-95F49A047AAB}
		{8374F492-29BD-A8E6-0ECE-621396CDAC7F} = {5854FF58-B8C5-05C6-5BF2-ACE42193F22B}
		{36AFA6EE-6FCE-4FAE-A4C7-DC55B7CF1EB6} = {8374F492-29BD-A8E6-0ECE-621396CDAC7F}
		{BFE2C2EB-3750-47BF-B6EA-385D9800CF02} = {8374F492-29BD-A8E6-0ECE-621396CDAC7F}
		{051CA0BF-A6C2-4102-8DB8-F62F6BDBDB80} = {8374F492-29BD-A8E6-0ECE-621396CDAC7F}
		{65C173E8-DD00-498B-A73E-F031CA464ECC} = {8374F492-29BD-A8E6-0ECE-621396CDAC7F}
		{BEC86DD2-A71D-44F2-B805-70E8413924C4} = {8374F492-29BD-A8E6-0ECE-621396CDAC7F}
		{332B6051-412B-4ACB-ADBA-771C24E9522A} = {8374F492-29BD-A8E6-0ECE-621396CDAC7F}
		{A4D8ECB1-6392-4F53-959F-7746B588A47E} = {8374F492-29BD-A8E6-0ECE-621396CDAC7F}
		{0545324A-E60D-47B2-8B21-85F9E7DA7DB2} = {8374F492-29BD-A8E6-0ECE-621396CDAC7F}
		{DDC3A45B-6593-40E7-ACB6-142FBE84AC45} = {4FD5FBA0-2B6D-9AF0-80AB-924D53C1394D}
		{246687EE-9901-497D-92AE-91AB086C9608} = {4FD5FBA0-2B6D-9AF0-80AB-924D53C1394D}
		{F919ACEC-2EF4-4CB3-B121-4A48F534C876} = {4FD5FBA0-2B6D-9AF0-80AB-924D53C1394D}
		{FA6FEA1F-154E-49D6-90AD-F2272D0EDFE6} = {4FD5FBA0-2B6D-9AF0-80AB-924D53C1394D}
	EndGlobalSection
EndGlobal
